
Microsoft Visual Studio Solution File, Format Version 12.00
# Visual Studio Version 16
VisualStudioVersion = 16.0.29503.13
MinimumVisualStudioVersion = 10.0.40219.1
Project("{FAE04EC0-301F-11D3-BF4B-00C04F79EFBC}") = "TBP", "TBP\TBP.csproj", "{9EC58B66-3DC6-4337-8431-7CFA300DC5FF}"
EndProject
Global
	GlobalSection(SolutionConfigurationPlatforms) = preSolution
		Debug|Any CPU = Debug|Any CPU
		Release|Any CPU = Release|Any CPU
	EndGlobalSection
	GlobalSection(ProjectConfigurationPlatforms) = postSolution
		{9EC58B66-3DC6-4337-8431-7CFA300DC5FF}.Debug|Any CPU.ActiveCfg = Debug|Any CPU
		{9EC58B66-3DC6-4337-8431-7CFA300DC5FF}.Debug|Any CPU.Build.0 = Debug|Any CPU
		{9EC58B66-3DC6-4337-8431-7CFA300DC5FF}.Release|Any CPU.ActiveCfg = Release|Any CPU
		{9EC58B66-3DC6-4337-8431-7CFA300DC5FF}.Release|Any CPU.Build.0 = Release|Any CPU
	EndGlobalSection
	GlobalSection(SolutionProperties) = preSolution
		HideSolutionNode = FALSE
	EndGlobalSection
	GlobalSection(ExtensibilityGlobals) = postSolution
		SolutionGuid = {4705A7D7-852B-48DE-AB17-D54E73F4FB0B}
	EndGlobalSection
EndGlobal
